
Microsoft Visual Studio Solution File, Format Version 12.00
# Visual Studio Version 17
VisualStudioVersion = 17.12.35506.116
MinimumVisualStudioVersion = 10.0.40219.1
Project("{8BC9CEB8-8B4A-11D0-8D11-00A0C91BC942}") = "Paging", "Paging\Paging.vcxproj", "{B745462C-F527-4A44-8DC9-7B2ED12867B3}"
EndProject
Project("{8BC9CEB8-8B4A-11D0-8D11-00A0C91BC942}") = "KmdfHelloWorld", "KmdfHelloWorld\KmdfHelloWorld.vcxproj", "{CBECF26E-C3CA-449E-8156-09960D853D22}"
EndProject
Project("{8BC9CEB8-8B4A-11D0-8D11-00A0C91BC942}") = "WDM_STUPID", "WDM_STUPID\WDM_STUPID.vcxproj", "{9A55B5AB-6F63-4704-83D2-3566E43A175E}"
EndProject
Project("{8BC9CEB8-8B4A-11D0-8D11-00A0C91BC942}") = "DRIVER_LOADER_STUPID", "WDM_LOADER\WDM_LOADER.vcxproj", "{9768160E-E5B8-429F-BCC0-50E8D92AD2FC}"
EndProject
Project("{8BC9CEB8-8B4A-11D0-8D11-00A0C91BC942}") = "WDM_IRP", "WDM_IRP\WDM_IRP.vcxproj", "{B83CADF1-5B06-431E-9F97-78C983EFB435}"
EndProject
Project("{8BC9CEB8-8B4A-11D0-8D11-00A0C91BC942}") = "DispatchIrp", "DispatchIrp\DispatchIrp.vcxproj", "{CCA1BC8B-92A3-4FEC-B434-EA5CD9E97D41}"
EndProject
Project("{8BC9CEB8-8B4A-11D0-8D11-00A0C91BC942}") = "KeyboardFilterDriver", "KeyboardFilterDriver\KeyboardFilterDriver.vcxproj", "{BFED95FE-8FC8-444D-B4CA-C5EDAFCF90E2}"
EndProject
Global
	GlobalSection(SolutionConfigurationPlatforms) = preSolution
		Debug|x64 = Debug|x64
		Debug|x86 = Debug|x86
		Release|x64 = Release|x64
		Release|x86 = Release|x86
	EndGlobalSection
	GlobalSection(ProjectConfigurationPlatforms) = postSolution
		{B745462C-F527-4A44-8DC9-7B2ED12867B3}.Debug|x64.ActiveCfg = Debug|x64
		{B745462C-F527-4A44-8DC9-7B2ED12867B3}.Debug|x64.Build.0 = Debug|x64
		{B745462C-F527-4A44-8DC9-7B2ED12867B3}.Debug|x86.ActiveCfg = Debug|Win32
		{B745462C-F527-4A44-8DC9-7B2ED12867B3}.Debug|x86.Build.0 = Debug|Win32
		{B745462C-F527-4A44-8DC9-7B2ED12867B3}.Release|x64.ActiveCfg = Release|x64
		{B745462C-F527-4A44-8DC9-7B2ED12867B3}.Release|x64.Build.0 = Release|x64
		{B745462C-F527-4A44-8DC9-7B2ED12867B3}.Release|x86.ActiveCfg = Release|Win32
		{B745462C-F527-4A44-8DC9-7B2ED12867B3}.Release|x86.Build.0 = Release|Win32
		{CBECF26E-C3CA-449E-8156-09960D853D22}.Debug|x64.ActiveCfg = Debug|x64
		{CBECF26E-C3CA-449E-8156-09960D853D22}.Debug|x64.Build.0 = Debug|x64
		{CBECF26E-C3CA-449E-8156-09960D853D22}.Debug|x64.Deploy.0 = Debug|x64
		{CBECF26E-C3CA-449E-8156-09960D853D22}.Debug|x86.ActiveCfg = Debug|x64
		{CBECF26E-C3CA-449E-8156-09960D853D22}.Debug|x86.Build.0 = Debug|x64
		{CBECF26E-C3CA-449E-8156-09960D853D22}.Debug|x86.Deploy.0 = Debug|x64
		{CBECF26E-C3CA-449E-8156-09960D853D22}.Release|x64.ActiveCfg = Release|x64
		{CBECF26E-C3CA-449E-8156-09960D853D22}.Release|x64.Build.0 = Release|x64
		{CBECF26E-C3CA-449E-8156-09960D853D22}.Release|x64.Deploy.0 = Release|x64
		{CBECF26E-C3CA-449E-8156-09960D853D22}.Release|x86.ActiveCfg = Release|x64
		{CBECF26E-C3CA-449E-8156-09960D853D22}.Release|x86.Build.0 = Release|x64
		{CBECF26E-C3CA-449E-8156-09960D853D22}.Release|x86.Deploy.0 = Release|x64
		{9A55B5AB-6F63-4704-83D2-3566E43A175E}.Debug|x64.ActiveCfg = Debug|x64
		{9A55B5AB-6F63-4704-83D2-3566E43A175E}.Debug|x64.Build.0 = Debug|x64
		{9A55B5AB-6F63-4704-83D2-3566E43A175E}.Debug|x64.Deploy.0 = Debug|x64
		{9A55B5AB-6F63-4704-83D2-3566E43A175E}.Debug|x86.ActiveCfg = Debug|x64
		{9A55B5AB-6F63-4704-83D2-3566E43A175E}.Debug|x86.Build.0 = Debug|x64
		{9A55B5AB-6F63-4704-83D2-3566E43A175E}.Debug|x86.Deploy.0 = Debug|x64
		{9A55B5AB-6F63-4704-83D2-3566E43A175E}.Release|x64.ActiveCfg = Release|x64
		{9A55B5AB-6F63-4704-83D2-3566E43A175E}.Release|x64.Build.0 = Release|x64
		{9A55B5AB-6F63-4704-83D2-3566E43A175E}.Release|x64.Deploy.0 = Release|x64
		{9A55B5AB-6F63-4704-83D2-3566E43A175E}.Release|x86.ActiveCfg = Release|x64
		{9A55B5AB-6F63-4704-83D2-3566E43A175E}.Release|x86.Build.0 = Release|x64
		{9A55B5AB-6F63-4704-83D2-3566E43A175E}.Release|x86.Deploy.0 = Release|x64
		{9768160E-E5B8-429F-BCC0-50E8D92AD2FC}.Debug|x64.ActiveCfg = Release|x64
		{9768160E-E5B8-429F-BCC0-50E8D92AD2FC}.Debug|x64.Build.0 = Release|x64
		{9768160E-E5B8-429F-BCC0-50E8D92AD2FC}.Debug|x86.ActiveCfg = Debug|Win32
		{9768160E-E5B8-429F-BCC0-50E8D92AD2FC}.Debug|x86.Build.0 = Debug|Win32
		{9768160E-E5B8-429F-BCC0-50E8D92AD2FC}.Release|x64.ActiveCfg = Release|x64
		{9768160E-E5B8-429F-BCC0-50E8D92AD2FC}.Release|x64.Build.0 = Release|x64
		{9768160E-E5B8-429F-BCC0-50E8D92AD2FC}.Release|x86.ActiveCfg = Release|Win32
		{9768160E-E5B8-429F-BCC0-50E8D92AD2FC}.Release|x86.Build.0 = Release|Win32
		{B83CADF1-5B06-431E-9F97-78C983EFB435}.Debug|x64.ActiveCfg = Debug|x64
		{B83CADF1-5B06-431E-9F97-78C983EFB435}.Debug|x64.Build.0 = Debug|x64
		{B83CADF1-5B06-431E-9F97-78C983EFB435}.Debug|x64.Deploy.0 = Debug|x64
		{B83CADF1-5B06-431E-9F97-78C983EFB435}.Debug|x86.ActiveCfg = Debug|x64
		{B83CADF1-5B06-431E-9F97-78C983EFB435}.Debug|x86.Build.0 = Debug|x64
		{B83CADF1-5B06-431E-9F97-78C983EFB435}.Debug|x86.Deploy.0 = Debug|x64
		{B83CADF1-5B06-431E-9F97-78C983EFB435}.Release|x64.ActiveCfg = Release|x64
		{B83CADF1-5B06-431E-9F97-78C983EFB435}.Release|x64.Build.0 = Release|x64
		{B83CADF1-5B06-431E-9F97-78C983EFB435}.Release|x64.Deploy.0 = Release|x64
		{B83CADF1-5B06-431E-9F97-78C983EFB435}.Release|x86.ActiveCfg = Release|x64
		{B83CADF1-5B06-431E-9F97-78C983EFB435}.Release|x86.Build.0 = Release|x64
		{B83CADF1-5B06-431E-9F97-78C983EFB435}.Release|x86.Deploy.0 = Release|x64
		{CCA1BC8B-92A3-4FEC-B434-EA5CD9E97D41}.Debug|x64.ActiveCfg = Release|x64
		{CCA1BC8B-92A3-4FEC-B434-EA5CD9E97D41}.Debug|x64.Build.0 = Release|x64
		{CCA1BC8B-92A3-4FEC-B434-EA5CD9E97D41}.Debug|x86.ActiveCfg = Debug|Win32
		{CCA1BC8B-92A3-4FEC-B434-EA5CD9E97D41}.Debug|x86.Build.0 = Debug|Win32
		{CCA1BC8B-92A3-4FEC-B434-EA5CD9E97D41}.Release|x64.ActiveCfg = Release|x64
		{CCA1BC8B-92A3-4FEC-B434-EA5CD9E97D41}.Release|x64.Build.0 = Release|x64
		{CCA1BC8B-92A3-4FEC-B434-EA5CD9E97D41}.Release|x86.ActiveCfg = Release|Win32
		{CCA1BC8B-92A3-4FEC-B434-EA5CD9E97D41}.Release|x86.Build.0 = Release|Win32
		{BFED95FE-8FC8-444D-B4CA-C5EDAFCF90E2}.Debug|x64.ActiveCfg = Debug|x64
		{BFED95FE-8FC8-444D-B4CA-C5EDAFCF90E2}.Debug|x64.Build.0 = Debug|x64
		{BFED95FE-8FC8-444D-B4CA-C5EDAFCF90E2}.Debug|x64.Deploy.0 = Debug|x64
		{BFED95FE-8FC8-444D-B4CA-C5EDAFCF90E2}.Debug|x86.ActiveCfg = Debug|x64
		{BFED95FE-8FC8-444D-B4CA-C5EDAFCF90E2}.Debug|x86.Build.0 = Debug|x64
		{BFED95FE-8FC8-444D-B4CA-C5EDAFCF90E2}.Debug|x86.Deploy.0 = Debug|x64
		{BFED95FE-8FC8-444D-B4CA-C5EDAFCF90E2}.Release|x64.ActiveCfg = Release|x64
		{BFED95FE-8FC8-444D-B4CA-C5EDAFCF90E2}.Release|x64.Build.0 = Release|x64
		{BFED95FE-8FC8-444D-B4CA-C5EDAFCF90E2}.Release|x64.Deploy.0 = Release|x64
		{BFED95FE-8FC8-444D-B4CA-C5EDAFCF90E2}.Release|x86.ActiveCfg = Release|x64
		{BFED95FE-8FC8-444D-B4CA-C5EDAFCF90E2}.Release|x86.Build.0 = Release|x64
		{BFED95FE-8FC8-444D-B4CA-C5EDAFCF90E2}.Release|x86.Deploy.0 = Release|x64
	EndGlobalSection
	GlobalSection(SolutionProperties) = preSolution
		HideSolutionNode = FALSE
	EndGlobalSection
EndGlobal
